
Microsoft Visual Studio Solution File, Format Version 12.00
# Visual Studio Version 17
VisualStudioVersion = 17.7.34221.43
MinimumVisualStudioVersion = 10.0.40219.1
Project("{FAE04EC0-301F-11D3-BF4B-00C04F79EFBC}") = "EX1007", "EX1007\EX1007.csproj", "{7AC566B0-8CE1-4761-8F75-B4CC3658B699}"
EndProject
Global
	GlobalSection(SolutionConfigurationPlatforms) = preSolution
		Debug|Any CPU = Debug|Any CPU
		Release|Any CPU = Release|Any CPU
	EndGlobalSection
	GlobalSection(ProjectConfigurationPlatforms) = postSolution
		{7AC566B0-8CE1-4761-8F75-B4CC3658B699}.Debug|Any CPU.ActiveCfg = Debug|Any CPU
		{7AC566B0-8CE1-4761-8F75-B4CC3658B699}.Debug|Any CPU.Build.0 = Debug|Any CPU
		{7AC566B0-8CE1-4761-8F75-B4CC3658B699}.Release|Any CPU.ActiveCfg = Release|Any CPU
		{7AC566B0-8CE1-4761-8F75-B4CC3658B699}.Release|Any CPU.Build.0 = Release|Any CPU
	EndGlobalSection
	GlobalSection(SolutionProperties) = preSolution
		HideSolutionNode = FALSE
	EndGlobalSection
	GlobalSection(ExtensibilityGlobals) = postSolution
		SolutionGuid = {69B050B0-D3A2-4CFB-BAC8-6A9786A020E7}
	EndGlobalSection
EndGlobal
