
Microsoft Visual Studio Solution File, Format Version 12.00
# Visual Studio Version 17
VisualStudioVersion = 17.7.34221.43
MinimumVisualStudioVersion = 10.0.40219.1
Project("{FAE04EC0-301F-11D3-BF4B-00C04F79EFBC}") = "EX1012", "EX1012\EX1012.csproj", "{2BF8008D-0D78-4334-8B27-C143845D968F}"
EndProject
Global
	GlobalSection(SolutionConfigurationPlatforms) = preSolution
		Debug|Any CPU = Debug|Any CPU
		Release|Any CPU = Release|Any CPU
	EndGlobalSection
	GlobalSection(ProjectConfigurationPlatforms) = postSolution
		{2BF8008D-0D78-4334-8B27-C143845D968F}.Debug|Any CPU.ActiveCfg = Debug|Any CPU
		{2BF8008D-0D78-4334-8B27-C143845D968F}.Debug|Any CPU.Build.0 = Debug|Any CPU
		{2BF8008D-0D78-4334-8B27-C143845D968F}.Release|Any CPU.ActiveCfg = Release|Any CPU
		{2BF8008D-0D78-4334-8B27-C143845D968F}.Release|Any CPU.Build.0 = Release|Any CPU
	EndGlobalSection
	GlobalSection(SolutionProperties) = preSolution
		HideSolutionNode = FALSE
	EndGlobalSection
	GlobalSection(ExtensibilityGlobals) = postSolution
		SolutionGuid = {BB8CD484-76C0-44E5-A0EA-0DC36A23CB68}
	EndGlobalSection
EndGlobal
